
Microsoft Visual Studio Solution File, Format Version 12.00
# Visual Studio 15
VisualStudioVersion = 15.0.27703.2000
MinimumVisualStudioVersion = 10.0.40219.1
Project("{9A19103F-16F7-4668-BE54-9A1E7A4F7556}") = "TestMakerFreeWebApp.Web", "TestMakerFreeWebApp.Web\TestMakerFreeWebApp.Web.csproj", "{6CD8D844-374C-44BF-B556-B5CE1D350911}"
EndProject
Project("{9A19103F-16F7-4668-BE54-9A1E7A4F7556}") = "TestMakerFreeWebApp.Data", "TestMakerFreeWebApp.Data\TestMakerFreeWebApp.Data.csproj", "{179CEA3D-11DC-4302-89E1-77B77760B5FA}"
EndProject
Project("{9A19103F-16F7-4668-BE54-9A1E7A4F7556}") = "TestMakerFreeWebApp.Services", "TestMakerFreeWebApp.Services\TestMakerFreeWebApp.Services.csproj", "{4F9F73E1-2D65-4EA1-8E03-7FFAF25E655C}"
EndProject
Project("{9A19103F-16F7-4668-BE54-9A1E7A4F7556}") = "TestMakerFreeWebApp.Domain", "TestMakerFreeWebApp.Domain\TestMakerFreeWebApp.Domain.csproj", "{F91AAD7B-1195-4542-B260-9B203ECEA06C}"
EndProject
Project("{9A19103F-16F7-4668-BE54-9A1E7A4F7556}") = "TestMakerFreeWebApp.Common", "TestMakerFreeWebApp.Common\TestMakerFreeWebApp.Common.csproj", "{725CF46E-1972-4C3F-B0ED-F8461D8565E3}"
EndProject
Global
	GlobalSection(SolutionConfigurationPlatforms) = preSolution
		Debug|Any CPU = Debug|Any CPU
		Release|Any CPU = Release|Any CPU
	EndGlobalSection
	GlobalSection(ProjectConfigurationPlatforms) = postSolution
		{6CD8D844-374C-44BF-B556-B5CE1D350911}.Debug|Any CPU.ActiveCfg = Debug|Any CPU
		{6CD8D844-374C-44BF-B556-B5CE1D350911}.Debug|Any CPU.Build.0 = Debug|Any CPU
		{6CD8D844-374C-44BF-B556-B5CE1D350911}.Release|Any CPU.ActiveCfg = Release|Any CPU
		{6CD8D844-374C-44BF-B556-B5CE1D350911}.Release|Any CPU.Build.0 = Release|Any CPU
		{179CEA3D-11DC-4302-89E1-77B77760B5FA}.Debug|Any CPU.ActiveCfg = Debug|Any CPU
		{179CEA3D-11DC-4302-89E1-77B77760B5FA}.Debug|Any CPU.Build.0 = Debug|Any CPU
		{179CEA3D-11DC-4302-89E1-77B77760B5FA}.Release|Any CPU.ActiveCfg = Release|Any CPU
		{179CEA3D-11DC-4302-89E1-77B77760B5FA}.Release|Any CPU.Build.0 = Release|Any CPU
		{4F9F73E1-2D65-4EA1-8E03-7FFAF25E655C}.Debug|Any CPU.ActiveCfg = Debug|Any CPU
		{4F9F73E1-2D65-4EA1-8E03-7FFAF25E655C}.Debug|Any CPU.Build.0 = Debug|Any CPU
		{4F9F73E1-2D65-4EA1-8E03-7FFAF25E655C}.Release|Any CPU.ActiveCfg = Release|Any CPU
		{4F9F73E1-2D65-4EA1-8E03-7FFAF25E655C}.Release|Any CPU.Build.0 = Release|Any CPU
		{F91AAD7B-1195-4542-B260-9B203ECEA06C}.Debug|Any CPU.ActiveCfg = Debug|Any CPU
		{F91AAD7B-1195-4542-B260-9B203ECEA06C}.Debug|Any CPU.Build.0 = Debug|Any CPU
		{F91AAD7B-1195-4542-B260-9B203ECEA06C}.Release|Any CPU.ActiveCfg = Release|Any CPU
		{F91AAD7B-1195-4542-B260-9B203ECEA06C}.Release|Any CPU.Build.0 = Release|Any CPU
		{725CF46E-1972-4C3F-B0ED-F8461D8565E3}.Debug|Any CPU.ActiveCfg = Debug|Any CPU
		{725CF46E-1972-4C3F-B0ED-F8461D8565E3}.Debug|Any CPU.Build.0 = Debug|Any CPU
		{725CF46E-1972-4C3F-B0ED-F8461D8565E3}.Release|Any CPU.ActiveCfg = Release|Any CPU
		{725CF46E-1972-4C3F-B0ED-F8461D8565E3}.Release|Any CPU.Build.0 = Release|Any CPU
	EndGlobalSection
	GlobalSection(SolutionProperties) = preSolution
		HideSolutionNode = FALSE
	EndGlobalSection
	GlobalSection(ExtensibilityGlobals) = postSolution
		LessCompiler = 6cd8d844-374c-44bf-b556-b5ce1d350911
		SolutionGuid = {83873724-B7D0-457E-BC74-D0D02ABF01ED}
	EndGlobalSection
EndGlobal
